// !$*UTF8*$!
{
	archiveVersion = 1;
	classes = {
	};
	objectVersion = 46;
	objects = {

/* Begin PBXBuildFile section */
		495B633C1B90A02E00C004F9 /* AppDelegate.swift in Sources */ = {isa = PBXBuildFile; fileRef = 495B633B1B90A02E00C004F9 /* AppDelegate.swift */; };
		495B633E1B90A02E00C004F9 /* Images.xcassets in Resources */ = {isa = PBXBuildFile; fileRef = 495B633D1B90A02E00C004F9 /* Images.xcassets */; };
		495B63411B90A02E00C004F9 /* MainMenu.xib in Resources */ = {isa = PBXBuildFile; fileRef = 495B633F1B90A02E00C004F9 /* MainMenu.xib */; };
		495B634D1B90A02E00C004F9 /* MarkdriveTests.swift in Sources */ = {isa = PBXBuildFile; fileRef = 495B634C1B90A02E00C004F9 /* MarkdriveTests.swift */; };
/* End PBXBuildFile section */

/* Begin PBXContainerItemProxy section */
		495B63471B90A02E00C004F9 /* PBXContainerItemProxy */ = {
			isa = PBXContainerItemProxy;
			containerPortal = 495B632E1B90A02E00C004F9 /* Project object */;
			proxyType = 1;
			remoteGlobalIDString = 495B63351B90A02E00C004F9;
			remoteInfo = Markdrive;
		};
/* End PBXContainerItemProxy section */

/* Begin PBXFileReference section */
		495B63361B90A02E00C004F9 /* Markdrive.app */ = {isa = PBXFileReference; explicitFileType = wrapper.application; includeInIndex = 0; path = Markdrive.app; sourceTree = BUILT_PRODUCTS_DIR; };
		495B633A1B90A02E00C004F9 /* Info.plist */ = {isa = PBXFileReference; lastKnownFileType = text.plist.xml; path = Info.plist; sourceTree = "<group>"; };
		495B633B1B90A02E00C004F9 /* AppDelegate.swift */ = {isa = PBXFileReference; lastKnownFileType = sourcecode.swift; path = AppDelegate.swift; sourceTree = "<group>"; };
		495B633D1B90A02E00C004F9 /* Images.xcassets */ = {isa = PBXFileReference; lastKnownFileType = folder.assetcatalog; path = Images.xcassets; sourceTree = "<group>"; };
		495B63401B90A02E00C004F9 /* Base */ = {isa = PBXFileReference; lastKnownFileType = file.xib; name = Base; path = Base.lproj/MainMenu.xib; sourceTree = "<group>"; };
		495B63461B90A02E00C004F9 /* MarkdriveTests.xctest */ = {isa = PBXFileReference; explicitFileType = wrapper.cfbundle; includeInIndex = 0; path = MarkdriveTests.xctest; sourceTree = BUILT_PRODUCTS_DIR; };
		495B634B1B90A02E00C004F9 /* Info.plist */ = {isa = PBXFileReference; lastKnownFileType = text.plist.xml; path = Info.plist; sourceTree = "<group>"; };
		495B634C1B90A02E00C004F9 /* MarkdriveTests.swift */ = {isa = PBXFileReference; lastKnownFileType = sourcecode.swift; path = MarkdriveTests.swift; sourceTree = "<group>"; };
/* End PBXFileReference section */

/* Begin PBXFrameworksBuildPhase section */
		495B63331B90A02E00C004F9 /* Frameworks */ = {
			isa = PBXFrameworksBuildPhase;
			buildActionMask = 2147483647;
			files = (
			);
			runOnlyForDeploymentPostprocessing = 0;
		};
		495B63431B90A02E00C004F9 /* Frameworks */ = {
			isa = PBXFrameworksBuildPhase;
			buildActionMask = 2147483647;
			files = (
			);
			runOnlyForDeploymentPostprocessing = 0;
		};
/* End PBXFrameworksBuildPhase section */

/* Begin PBXGroup section */
		495B632D1B90A02E00C004F9 = {
			isa = PBXGroup;
			children = (
				495B63381B90A02E00C004F9 /* Markdrive */,
				495B63491B90A02E00C004F9 /* MarkdriveTests */,
				495B63371B90A02E00C004F9 /* Products */,
			);
			sourceTree = "<group>";
		};
		495B63371B90A02E00C004F9 /* Products */ = {
			isa = PBXGroup;
			children = (
				495B63361B90A02E00C004F9 /* Markdrive.app */,
				495B63461B90A02E00C004F9 /* MarkdriveTests.xctest */,
			);
			name = Products;
			sourceTree = "<group>";
		};
		495B63381B90A02E00C004F9 /* Markdrive */ = {
			isa = PBXGroup;
			children = (
				495B633B1B90A02E00C004F9 /* AppDelegate.swift */,
				495B633D1B90A02E00C004F9 /* Images.xcassets */,
				495B633F1B90A02E00C004F9 /* MainMenu.xib */,
				495B63391B90A02E00C004F9 /* Supporting Files */,
			);
			path = Markdrive;
			sourceTree = "<group>";
		};
		495B63391B90A02E00C004F9 /* Supporting Files */ = {
			isa = PBXGroup;
			children = (
				495B633A1B90A02E00C004F9 /* Info.plist */,
			);
			name = "Supporting Files";
			sourceTree = "<group>";
		};
		495B63491B90A02E00C004F9 /* MarkdriveTests */ = {
			isa = PBXGroup;
			children = (
				495B634C1B90A02E00C004F9 /* MarkdriveTests.swift */,
				495B634A1B90A02E00C004F9 /* Supporting Files */,
			);
			path = MarkdriveTests;
			sourceTree = "<group>";
		};
		495B634A1B90A02E00C004F9 /* Supporting Files */ = {
			isa = PBXGroup;
			children = (
				495B634B1B90A02E00C004F9 /* Info.plist */,
			);
			name = "Supporting Files";
			sourceTree = "<group>";
		};
/* End PBXGroup section */

/* Begin PBXNativeTarget section */
		495B63351B90A02E00C004F9 /* Markdrive */ = {
			isa = PBXNativeTarget;
			buildConfigurationList = 495B63501B90A02E00C004F9 /* Build configuration list for PBXNativeTarget "Markdrive" */;
			buildPhases = (
				495B63321B90A02E00C004F9 /* Sources */,
				495B63331B90A02E00C004F9 /* Frameworks */,
				495B63341B90A02E00C004F9 /* Resources */,
			);
			buildRules = (
			);
			dependencies = (
			);
			name = Markdrive;
			productName = Markdrive;
			productReference = 495B63361B90A02E00C004F9 /* Markdrive.app */;
			productType = "com.apple.product-type.application";
		};
		495B63451B90A02E00C004F9 /* MarkdriveTests */ = {
			isa = PBXNativeTarget;
			buildConfigurationList = 495B63531B90A02E00C004F9 /* Build configuration list for PBXNativeTarget "MarkdriveTests" */;
			buildPhases = (
				495B63421B90A02E00C004F9 /* Sources */,
				495B63431B90A02E00C004F9 /* Frameworks */,
				495B63441B90A02E00C004F9 /* Resources */,
			);
			buildRules = (
			);
			dependencies = (
				495B63481B90A02E00C004F9 /* PBXTargetDependency */,
			);
			name = MarkdriveTests;
			productName = MarkdriveTests;
			productReference = 495B63461B90A02E00C004F9 /* MarkdriveTests.xctest */;
			productType = "com.apple.product-type.bundle.unit-test";
		};
/* End PBXNativeTarget section */

/* Begin PBXProject section */
		495B632E1B90A02E00C004F9 /* Project object */ = {
			isa = PBXProject;
			attributes = {
				LastUpgradeCheck = 0640;
				ORGANIZATIONNAME = "Bas van der Hoek";
				TargetAttributes = {
					495B63351B90A02E00C004F9 = {
						CreatedOnToolsVersion = 6.4;
					};
					495B63451B90A02E00C004F9 = {
						CreatedOnToolsVersion = 6.4;
						TestTargetID = 495B63351B90A02E00C004F9;
					};
				};
			};
			buildConfigurationList = 495B63311B90A02E00C004F9 /* Build configuration list for PBXProject "Markdrive" */;
			compatibilityVersion = "Xcode 3.2";
			developmentRegion = English;
			hasScannedForEncodings = 0;
			knownRegions = (
				en,
				Base,
			);
			mainGroup = 495B632D1B90A02E00C004F9;
			productRefGroup = 495B63371B90A02E00C004F9 /* Products */;
			projectDirPath = "";
			projectRoot = "";
			targets = (
				495B63351B90A02E00C004F9 /* Markdrive */,
				495B63451B90A02E00C004F9 /* MarkdriveTests */,
			);
		};
/* End PBXProject section */

/* Begin PBXResourcesBuildPhase section */
		495B63341B90A02E00C004F9 /* Resources */ = {
			isa = PBXResourcesBuildPhase;
			buildActionMask = 2147483647;
			files = (
				495B633E1B90A02E00C004F9 /* Images.xcassets in Resources */,
				495B63411B90A02E00C004F9 /* MainMenu.xib in Resources */,
			);
			runOnlyForDeploymentPostprocessing = 0;
		};
		495B63441B90A02E00C004F9 /* Resources */ = {
			isa = PBXResourcesBuildPhase;
			buildActionMask = 2147483647;
			files = (
			);
			runOnlyForDeploymentPostprocessing = 0;
		};
/* End PBXResourcesBuildPhase section */

/* Begin PBXSourcesBuildPhase section */
		495B63321B90A02E00C004F9 /* Sources */ = {
			isa = PBXSourcesBuildPhase;
			buildActionMask = 2147483647;
			files = (
				495B633C1B90A02E00C004F9 /* AppDelegate.swift in Sources */,
			);
			runOnlyForDeploymentPostprocessing = 0;
		};
		495B63421B90A02E00C004F9 /* Sources */ = {
			isa = PBXSourcesBuildPhase;
			buildActionMask = 2147483647;
			files = (
				495B634D1B90A02E00C004F9 /* MarkdriveTests.swift in Sources */,
			);
			runOnlyForDeploymentPostprocessing = 0;
		};
/* End PBXSourcesBuildPhase section */

/* Begin PBXTargetDependency section */
		495B63481B90A02E00C004F9 /* PBXTargetDependency */ = {
			isa = PBXTargetDependency;
			target = 495B63351B90A02E00C004F9 /* Markdrive */;
			targetProxy = 495B63471B90A02E00C004F9 /* PBXContainerItemProxy */;
		};
/* End PBXTargetDependency section */

/* Begin PBXVariantGroup section */
		495B633F1B90A02E00C004F9 /* MainMenu.xib */ = {
			isa = PBXVariantGroup;
			children = (
				495B63401B90A02E00C004F9 /* Base */,
			);
			name = MainMenu.xib;
			sourceTree = "<group>";
		};
/* End PBXVariantGroup section */

/* Begin XCBuildConfiguration section */
		495B634E1B90A02E00C004F9 /* Debug */ = {
			isa = XCBuildConfiguration;
			buildSettings = {
				ALWAYS_SEARCH_USER_PATHS = NO;
				CLANG_CXX_LANGUAGE_STANDARD = "gnu++0x";
				CLANG_CXX_LIBRARY = "libc++";
				CLANG_ENABLE_MODULES = YES;
				CLANG_ENABLE_OBJC_ARC = YES;
				CLANG_WARN_BOOL_CONVERSION = YES;
				CLANG_WARN_CONSTANT_CONVERSION = YES;
				CLANG_WARN_DIRECT_OBJC_ISA_USAGE = YES_ERROR;
				CLANG_WARN_EMPTY_BODY = YES;
				CLANG_WARN_ENUM_CONVERSION = YES;
				CLANG_WARN_INT_CONVERSION = YES;
				CLANG_WARN_OBJC_ROOT_CLASS = YES_ERROR;
				CLANG_WARN_UNREACHABLE_CODE = YES;
				CLANG_WARN__DUPLICATE_METHOD_MATCH = YES;
				CODE_SIGN_IDENTITY = "-";
				COPY_PHASE_STRIP = NO;
				DEBUG_INFORMATION_FORMAT = dwarf;
				ENABLE_STRICT_OBJC_MSGSEND = YES;
				GCC_C_LANGUAGE_STANDARD = gnu99;
				GCC_DYNAMIC_NO_PIC = NO;
				GCC_NO_COMMON_BLOCKS = YES;
				GCC_OPTIMIZATION_LEVEL = 0;
				GCC_PREPROCESSOR_DEFINITIONS = (
					"DEBUG=1",
					"$(inherited)",
				);
				GCC_SYMBOLS_PRIVATE_EXTERN = NO;
				GCC_WARN_64_TO_32_BIT_CONVERSION = YES;
				GCC_WARN_ABOUT_RETURN_TYPE = YES_ERROR;
				GCC_WARN_UNDECLARED_SELECTOR = YES;
				GCC_WARN_UNINITIALIZED_AUTOS = YES_AGGRESSIVE;
				GCC_WARN_UNUSED_FUNCTION = YES;
				GCC_WARN_UNUSED_VARIABLE = YES;
				MACOSX_DEPLOYMENT_TARGET = 10.10;
				MTL_ENABLE_DEBUG_INFO = YES;
				ONLY_ACTIVE_ARCH = YES;
				SDKROOT = macosx;
				SWIFT_OPTIMIZATION_LEVEL = "-Onone";
			};
			name = Debug;
		};
		495B634F1B90A02E00C004F9 /* Release */ = {
			isa = XCBuildConfiguration;
			buildSettings = {
				ALWAYS_SEARCH_USER_PATHS = NO;
				CLANG_CXX_LANGUAGE_STANDARD = "gnu++0x";
				CLANG_CXX_LIBRARY = "libc++";
				CLANG_ENABLE_MODULES = YES;
				CLANG_ENABLE_OBJC_ARC = YES;
				CLANG_WARN_BOOL_CONVERSION = YES;
				CLANG_WARN_CONSTANT_CONVERSION = YES;
				CLANG_WARN_DIRECT_OBJC_ISA_USAGE = YES_ERROR;
				CLANG_WARN_EMPTY_BODY = YES;
				CLANG_WARN_ENUM_CONVERSION = YES;
				CLANG_WARN_INT_CONVERSION = YES;
				CLANG_WARN_OBJC_ROOT_CLASS = YES_ERROR;
				CLANG_WARN_UNREACHABLE_CODE = YES;
				CLANG_WARN__DUPLICATE_METHOD_MATCH = YES;
				CODE_SIGN_IDENTITY = "-";
				COPY_PHASE_STRIP = NO;
				DEBUG_INFORMATION_FORMAT = "dwarf-with-dsym";
				ENABLE_NS_ASSERTIONS = NO;
				ENABLE_STRICT_OBJC_MSGSEND = YES;
				GCC_C_LANGUAGE_STANDARD = gnu99;
				GCC_NO_COMMON_BLOCKS = YES;
				GCC_WARN_64_TO_32_BIT_CONVERSION = YES;
				GCC_WARN_ABOUT_RETURN_TYPE = YES_ERROR;
				GCC_WARN_UNDECLARED_SELECTOR = YES;
				GCC_WARN_UNINITIALIZED_AUTOS = YES_AGGRESSIVE;
				GCC_WARN_UNUSED_FUNCTION = YES;
				GCC_WARN_UNUSED_VARIABLE = YES;
				MACOSX_DEPLOYMENT_TARGET = 10.10;
				MTL_ENABLE_DEBUG_INFO = NO;
				SDKROOT = macosx;
			};
			name = Release;
		};
		495B63511B90A02E00C004F9 /* Debug */ = {
			isa = XCBuildConfiguration;
			buildSettings = {
				ASSETCATALOG_COMPILER_APPICON_NAME = AppIcon;
				COMBINE_HIDPI_IMAGES = YES;
				INFOPLIST_FILE = Markdrive/Info.plist;
				LD_RUNPATH_SEARCH_PATHS = "$(inherited) @executable_path/../Frameworks";
				PRODUCT_NAME = "$(TARGET_NAME)";
			};
			name = Debug;
		};
		495B63521B90A02E00C004F9 /* Release */ = {
			isa = XCBuildConfiguration;
			buildSettings = {
				ASSETCATALOG_COMPILER_APPICON_NAME = AppIcon;
				COMBINE_HIDPI_IMAGES = YES;
				INFOPLIST_FILE = Markdrive/Info.plist;
				LD_RUNPATH_SEARCH_PATHS = "$(inherited) @executable_path/../Frameworks";
				PRODUCT_NAME = "$(TARGET_NAME)";
			};
			name = Release;
		};
		495B63541B90A02E00C004F9 /* Debug */ = {
			isa = XCBuildConfiguration;
			buildSettings = {
				BUNDLE_LOADER = "$(TEST_HOST)";
				COMBINE_HIDPI_IMAGES = YES;
				FRAMEWORK_SEARCH_PATHS = (
					"$(DEVELOPER_FRAMEWORKS_DIR)",
					"$(inherited)",
				);
				GCC_PREPROCESSOR_DEFINITIONS = (
					"DEBUG=1",
					"$(inherited)",
				);
				INFOPLIST_FILE = MarkdriveTests/Info.plist;
				LD_RUNPATH_SEARCH_PATHS = "$(inherited) @executable_path/../Frameworks @loader_path/../Frameworks";
				PRODUCT_NAME = "$(TARGET_NAME)";
				TEST_HOST = "$(BUILT_PRODUCTS_DIR)/Markdrive.app/Contents/MacOS/Markdrive";
			};
			name = Debug;
		};
		495B63551B90A02E00C004F9 /* Release */ = {
			isa = XCBuildConfiguration;
			buildSettings = {
				BUNDLE_LOADER = "$(TEST_HOST)";
				COMBINE_HIDPI_IMAGES = YES;
				FRAMEWORK_SEARCH_PATHS = (
					"$(DEVELOPER_FRAMEWORKS_DIR)",
					"$(inherited)",
				);
				INFOPLIST_FILE = MarkdriveTests/Info.plist;
				LD_RUNPATH_SEARCH_PATHS = "$(inherited) @executable_path/../Frameworks @loader_path/../Frameworks";
				PRODUCT_NAME = "$(TARGET_NAME)";
				TEST_HOST = "$(BUILT_PRODUCTS_DIR)/Markdrive.app/Contents/MacOS/Markdrive";
			};
			name = Release;
		};
/* End XCBuildConfiguration section */

/* Begin XCConfigurationList section */
		495B63311B90A02E00C004F9 /* Build configuration list for PBXProject "Markdrive" */ = {
			isa = XCConfigurationList;
			buildConfigurations = (
				495B634E1B90A02E00C004F9 /* Debug */,
				495B634F1B90A02E00C004F9 /* Release */,
			);
			defaultConfigurationIsVisible = 0;
			defaultConfigurationName = Release;
		};
		495B63501B90A02E00C004F9 /* Build configuration list for PBXNativeTarget "Markdrive" */ = {
			isa = XCConfigurationList;
			buildConfigurations = (
				495B63511B90A02E00C004F9 /* Debug */,
				495B63521B90A02E00C004F9 /* Release */,
			);
			defaultConfigurationIsVisible = 0;
		};
		495B63531B90A02E00C004F9 /* Build configuration list for PBXNativeTarget "MarkdriveTests" */ = {
			isa = XCConfigurationList;
			buildConfigurations = (
				495B63541B90A02E00C004F9 /* Debug */,
				495B63551B90A02E00C004F9 /* Release */,
			);
			defaultConfigurationIsVisible = 0;
		};
/* End XCConfigurationList section */
	};
	rootObject = 495B632E1B90A02E00C004F9 /* Project object */;
}
